
Microsoft Visual Studio Solution File, Format Version 12.00
# Visual Studio Version 17
VisualStudioVersion = 17.4.33213.308
MinimumVisualStudioVersion = 10.0.40219.1
Project("{FAE04EC0-301F-11D3-BF4B-00C04F79EFBC}") = "GUIProject", "GUIProject\GUIProject.csproj", "{9721EADC-BDF5-41CA-980E-04A989F5B54B}"
EndProject
Global
	GlobalSection(SolutionConfigurationPlatforms) = preSolution
		Debug|Any CPU = Debug|Any CPU
		Release|Any CPU = Release|Any CPU
	EndGlobalSection
	GlobalSection(ProjectConfigurationPlatforms) = postSolution
		{9721EADC-BDF5-41CA-980E-04A989F5B54B}.Debug|Any CPU.ActiveCfg = Debug|Any CPU
		{9721EADC-BDF5-41CA-980E-04A989F5B54B}.Debug|Any CPU.Build.0 = Debug|Any CPU
		{9721EADC-BDF5-41CA-980E-04A989F5B54B}.Release|Any CPU.ActiveCfg = Release|Any CPU
		{9721EADC-BDF5-41CA-980E-04A989F5B54B}.Release|Any CPU.Build.0 = Release|Any CPU
	EndGlobalSection
	GlobalSection(SolutionProperties) = preSolution
		HideSolutionNode = FALSE
	EndGlobalSection
	GlobalSection(ExtensibilityGlobals) = postSolution
		SolutionGuid = {80AFC5DF-7D66-4975-8A94-DD1C9CA1FF7D}
	EndGlobalSection
EndGlobal
